
Microsoft Visual Studio Solution File, Format Version 12.00
# Visual Studio 15
VisualStudioVersion = 15.0.28307.1145
MinimumVisualStudioVersion = 10.0.40219.1
Project("{FAE04EC0-301F-11D3-BF4B-00C04F79EFBC}") = "dotNet_LabTwo", "dotNet_LabTwo\dotNet_LabTwo.csproj", "{D4839E89-8A6E-4408-847B-8672B3D666CD}"
EndProject
Global
	GlobalSection(SolutionConfigurationPlatforms) = preSolution
		Debug|Any CPU = Debug|Any CPU
		Release|Any CPU = Release|Any CPU
	EndGlobalSection
	GlobalSection(ProjectConfigurationPlatforms) = postSolution
		{D4839E89-8A6E-4408-847B-8672B3D666CD}.Debug|Any CPU.ActiveCfg = Debug|Any CPU
		{D4839E89-8A6E-4408-847B-8672B3D666CD}.Debug|Any CPU.Build.0 = Debug|Any CPU
		{D4839E89-8A6E-4408-847B-8672B3D666CD}.Release|Any CPU.ActiveCfg = Release|Any CPU
		{D4839E89-8A6E-4408-847B-8672B3D666CD}.Release|Any CPU.Build.0 = Release|Any CPU
	EndGlobalSection
	GlobalSection(SolutionProperties) = preSolution
		HideSolutionNode = FALSE
	EndGlobalSection
	GlobalSection(ExtensibilityGlobals) = postSolution
		SolutionGuid = {79584611-D8CD-47B0-BA18-7E1E4F4E9497}
	EndGlobalSection
EndGlobal
